{
  "name": "agent-worker",
  "version": "1.0.0",
  "lockfileVersion": 3,
  "requires": true,
  "packages": {
    "": {
      "name": "agent-worker",
      "version": "1.0.0",
      "license": "ISC",
      "bin": {
        "agent-worker": "bin/agent-worker.js"
      },
      "engines": {
        "node": ">=22.5.0"
      }
    }
  }
}
